
Microsoft Visual Studio Solution File, Format Version 12.00
# Visual Studio 15
VisualStudioVersion = 15.0.26214.0
MinimumVisualStudioVersion = 10.0.40219.1
Project("{9A19103F-16F7-4668-BE54-9A1E7A4F7556}") = "OpenAPI.Validator", "OpenAPI.Validator\OpenAPI.Validator.csproj", "{A3912CED-EB65-47DA-8653-361E3268A308}"
EndProject
Global
	GlobalSection(SolutionConfigurationPlatforms) = preSolution
		Debug|Any CPU = Debug|Any CPU
		Release|Any CPU = Release|Any CPU
	EndGlobalSection
	GlobalSection(ProjectConfigurationPlatforms) = postSolution
		{A3912CED-EB65-47DA-8653-361E3268A308}.Debug|Any CPU.ActiveCfg = Debug|Any CPU
		{A3912CED-EB65-47DA-8653-361E3268A308}.Debug|Any CPU.Build.0 = Debug|Any CPU
		{A3912CED-EB65-47DA-8653-361E3268A308}.Release|Any CPU.ActiveCfg = Release|Any CPU
		{A3912CED-EB65-47DA-8653-361E3268A308}.Release|Any CPU.Build.0 = Release|Any CPU
	EndGlobalSection
	GlobalSection(SolutionProperties) = preSolution
		HideSolutionNode = FALSE
	EndGlobalSection
EndGlobal
