
Microsoft Visual Studio Solution File, Format Version 12.00
# Visual Studio 15
VisualStudioVersion = 15.0.26214.0
MinimumVisualStudioVersion = 10.0.40219.1
Project("{FAE04EC0-301F-11D3-BF4B-00C04F79EFBC}") = "AutoRest.Core", "AutoRest.Core\AutoRest.Core.csproj", "{7E73B942-BB08-47D9-A140-E60425667F30}"
EndProject
Project("{9A19103F-16F7-4668-BE54-9A1E7A4F7556}") = "AutoRest", "AutoRest\AutoRest.csproj", "{093B73BB-B907-4110-874C-2B3C8A8A0AAB}"
	ProjectSection(ProjectDependencies) = postProject
		{6F699BB3-0046-428D-8BFB-B71DEE57307B} = {6F699BB3-0046-428D-8BFB-B71DEE57307B}
	EndProjectSection
EndProject
Project("{9A19103F-16F7-4668-BE54-9A1E7A4F7556}") = "OpenAPI.Validator", "OpenAPI.Validator\OpenAPI.Validator.csproj", "{6F699BB3-0046-428D-8BFB-B71DEE57307B}"
EndProject
Project("{9A19103F-16F7-4668-BE54-9A1E7A4F7556}") = "OpenAPI.Validator.Tests", "OpenAPI.Validator.Tests\OpenAPI.Validator.Tests.csproj", "{B03C228F-AE7D-45A8-AAE4-FBFB03D71FF1}"
EndProject
Global
	GlobalSection(SolutionConfigurationPlatforms) = preSolution
		Debug|Any CPU = Debug|Any CPU
		Release|Any CPU = Release|Any CPU
	EndGlobalSection
	GlobalSection(ProjectConfigurationPlatforms) = postSolution
		{7E73B942-BB08-47D9-A140-E60425667F30}.Debug|Any CPU.ActiveCfg = Debug|Any CPU
		{7E73B942-BB08-47D9-A140-E60425667F30}.Debug|Any CPU.Build.0 = Debug|Any CPU
		{7E73B942-BB08-47D9-A140-E60425667F30}.Release|Any CPU.ActiveCfg = Release|Any CPU
		{7E73B942-BB08-47D9-A140-E60425667F30}.Release|Any CPU.Build.0 = Release|Any CPU
		{093B73BB-B907-4110-874C-2B3C8A8A0AAB}.Debug|Any CPU.ActiveCfg = Debug|Any CPU
		{093B73BB-B907-4110-874C-2B3C8A8A0AAB}.Debug|Any CPU.Build.0 = Debug|Any CPU
		{093B73BB-B907-4110-874C-2B3C8A8A0AAB}.Release|Any CPU.ActiveCfg = Release|Any CPU
		{093B73BB-B907-4110-874C-2B3C8A8A0AAB}.Release|Any CPU.Build.0 = Release|Any CPU
		{6F699BB3-0046-428D-8BFB-B71DEE57307B}.Debug|Any CPU.ActiveCfg = Debug|Any CPU
		{6F699BB3-0046-428D-8BFB-B71DEE57307B}.Debug|Any CPU.Build.0 = Debug|Any CPU
		{6F699BB3-0046-428D-8BFB-B71DEE57307B}.Release|Any CPU.ActiveCfg = Release|Any CPU
		{6F699BB3-0046-428D-8BFB-B71DEE57307B}.Release|Any CPU.Build.0 = Release|Any CPU
		{B03C228F-AE7D-45A8-AAE4-FBFB03D71FF1}.Debug|Any CPU.ActiveCfg = Debug|Any CPU
		{B03C228F-AE7D-45A8-AAE4-FBFB03D71FF1}.Debug|Any CPU.Build.0 = Debug|Any CPU
		{B03C228F-AE7D-45A8-AAE4-FBFB03D71FF1}.Release|Any CPU.ActiveCfg = Release|Any CPU
		{B03C228F-AE7D-45A8-AAE4-FBFB03D71FF1}.Release|Any CPU.Build.0 = Release|Any CPU
	EndGlobalSection
	GlobalSection(SolutionProperties) = preSolution
		HideSolutionNode = FALSE
	EndGlobalSection
EndGlobal
